
Microsoft Visual Studio Solution File, Format Version 12.00
# Visual Studio Version 17
VisualStudioVersion = 17.3.32825.248
MinimumVisualStudioVersion = 10.0.40219.1
Project("{9A19103F-16F7-4668-BE54-9A1E7A4F7556}") = "WebApplMVC_EntityFrameworkDZ", "WebApplMVC_EntityFramework\WebApplMVC_EntityFrameworkDZ.csproj", "{7F1F4059-731F-47AF-B10F-14D39DB8D8D0}"
EndProject
Global
	GlobalSection(SolutionConfigurationPlatforms) = preSolution
		Debug|Any CPU = Debug|Any CPU
		Release|Any CPU = Release|Any CPU
	EndGlobalSection
	GlobalSection(ProjectConfigurationPlatforms) = postSolution
		{7F1F4059-731F-47AF-B10F-14D39DB8D8D0}.Debug|Any CPU.ActiveCfg = Debug|Any CPU
		{7F1F4059-731F-47AF-B10F-14D39DB8D8D0}.Debug|Any CPU.Build.0 = Debug|Any CPU
		{7F1F4059-731F-47AF-B10F-14D39DB8D8D0}.Release|Any CPU.ActiveCfg = Release|Any CPU
		{7F1F4059-731F-47AF-B10F-14D39DB8D8D0}.Release|Any CPU.Build.0 = Release|Any CPU
	EndGlobalSection
	GlobalSection(SolutionProperties) = preSolution
		HideSolutionNode = FALSE
	EndGlobalSection
	GlobalSection(ExtensibilityGlobals) = postSolution
		SolutionGuid = {DBD90524-9D22-4A77-8EE0-9EBE97C08D71}
	EndGlobalSection
EndGlobal
